PODS:
  - composeApp (1.0)
  - FirebaseAI (11.13.0):
    - FirebaseAppCheckInterop (~> 11.4)
    - FirebaseAuthInterop (~> 11.4)
    - FirebaseCore (~> 11.13.0)
    - FirebaseCoreExtension (~> 11.13.0)
  - FirebaseAIBridge (0.1.0):
    - FirebaseAI
    - FirebaseCore
  - FirebaseAppCheckInterop (11.13.0)
  - FirebaseAuthInterop (11.13.0)
  - FirebaseCore (11.13.0):
    - FirebaseCoreInternal (~> 11.13.0)
    - GoogleUtilities/Environment (~> 8.1)
    - GoogleUtilities/Logger (~> 8.1)
  - FirebaseCoreExtension (11.13.0):
    - FirebaseCore (~> 11.13.0)
  - FirebaseCoreInternal (11.13.0):
    - "GoogleUtilities/NSData+zlib (~> 8.1)"
  - GoogleUtilities/Environment (8.1.0):
    - GoogleUtilities/Privacy
  - GoogleUtilities/Logger (8.1.0):
    - GoogleUtilities/Environment
    - GoogleUtilities/Privacy
  - "GoogleUtilities/NSData+zlib (8.1.0)":
    - GoogleUtilities/Privacy
  - GoogleUtilities/Privacy (8.1.0)

DEPENDENCIES:
  - composeApp (from `../composeApp`)
  - FirebaseAIBridge (from `https://github.com/SeanChinJunKai/FirebaseAIBridge`, branch `main`)
  - FirebaseCore (from `https://github.com/firebase/firebase-ios-sdk.git`, tag `11.13.0`)

SPEC REPOS:
  trunk:
    - FirebaseAI
    - FirebaseAppCheckInterop
    - FirebaseAuthInterop
    - FirebaseCoreExtension
    - FirebaseCoreInternal
    - GoogleUtilities

EXTERNAL SOURCES:
  composeApp:
    :path: "../composeApp"
  FirebaseAIBridge:
    :branch: main
    :git: https://github.com/SeanChinJunKai/FirebaseAIBridge
  FirebaseCore:
    :git: https://github.com/firebase/firebase-ios-sdk.git
    :tag: 11.13.0

CHECKOUT OPTIONS:
  FirebaseAIBridge:
    :commit: c0468efbb4fb2eb8b9de1251acb2edf4ec086880
    :git: https://github.com/SeanChinJunKai/FirebaseAIBridge
  FirebaseCore:
    :git: https://github.com/firebase/firebase-ios-sdk.git
    :tag: 11.13.0

SPEC CHECKSUMS:
  composeApp: fe4428a672187c94be47cfbb321220e5faf399ca
  FirebaseAI: ed2b4f1dafe6433909efadcf79f8eba13ae36e2a
  FirebaseAIBridge: 54b89078d385aa2f36108ebca76941a797b3d491
  FirebaseAppCheckInterop: 72066489c209823649a997132bcd9269bc33a4bb
  FirebaseAuthInterop: 4fa327ec3c551a80a6929561f83af80b1dd44937
  FirebaseCore: 5461d35c548614bc40d03dfdff366c930a74045a
  FirebaseCoreExtension: c048485c347616dba6165358dbef765c5197597b
  FirebaseCoreInternal: 29d7b3af4aaf0b8f3ed20b568c13df399b06f68c
  GoogleUtilities: 00c88b9a86066ef77f0da2fab05f65d7768ed8e1

PODFILE CHECKSUM: 14ebfd93ed992afcce1074ee6cb1c3d70ede69c2

COCOAPODS: 1.16.2
